
Microsoft Visual Studio Solution File, Format Version 12.00
# Visual Studio Version 16
VisualStudioVersion = 16.0.28803.202
MinimumVisualStudioVersion = 10.0.40219.1
Project("{FAE04EC0-301F-11D3-BF4B-00C04F79EFBC}") = "Client", "Client\Client.csproj", "{B2102DE5-95AC-47BC-93E5-A9156785F5D9}"
EndProject
Project("{FAE04EC0-301F-11D3-BF4B-00C04F79EFBC}") = "Server", "Server\Server.csproj", "{FF573208-3BC7-4DDC-A5B5-738BE3F3EADB}"
EndProject
Global
	GlobalSection(SolutionConfigurationPlatforms) = preSolution
		Debug|Any CPU = Debug|Any CPU
		Release|Any CPU = Release|Any CPU
	EndGlobalSection
	GlobalSection(ProjectConfigurationPlatforms) = postSolution
		{B2102DE5-95AC-47BC-93E5-A9156785F5D9}.Debug|Any CPU.ActiveCfg = Debug|Any CPU
		{B2102DE5-95AC-47BC-93E5-A9156785F5D9}.Debug|Any CPU.Build.0 = Debug|Any CPU
		{B2102DE5-95AC-47BC-93E5-A9156785F5D9}.Release|Any CPU.ActiveCfg = Release|Any CPU
		{B2102DE5-95AC-47BC-93E5-A9156785F5D9}.Release|Any CPU.Build.0 = Release|Any CPU
		{FF573208-3BC7-4DDC-A5B5-738BE3F3EADB}.Debug|Any CPU.ActiveCfg = Debug|Any CPU
		{FF573208-3BC7-4DDC-A5B5-738BE3F3EADB}.Debug|Any CPU.Build.0 = Debug|Any CPU
		{FF573208-3BC7-4DDC-A5B5-738BE3F3EADB}.Release|Any CPU.ActiveCfg = Release|Any CPU
		{FF573208-3BC7-4DDC-A5B5-738BE3F3EADB}.Release|Any CPU.Build.0 = Release|Any CPU
	EndGlobalSection
	GlobalSection(SolutionProperties) = preSolution
		HideSolutionNode = FALSE
	EndGlobalSection
	GlobalSection(ExtensibilityGlobals) = postSolution
		SolutionGuid = {18C0DEDD-A4EE-4A94-A4BA-939B4937EFC7}
	EndGlobalSection
EndGlobal
